{
  "name": "testAsadali",
  "version": "1.0.0",
  "lockfileVersion": 1,
  "requires": true,
  "dependencies": {
    "@asadali1122/asadali": {
      "version": "1.0.1",
      "resolved": "https://registry.npmjs.org/@asadali1122/asadali/-/asadali-1.0.1.tgz",
      "integrity": "sha512-UMxLY/RN4Zyrl/Nktq/rX9vUPZmHevMFUquLz6cFZ9yM55P9QolwkV7fosJizXufnnIf7ZO3Xd4sMGIeVQ5c5g==",
      "requires": {
        "@types/node": "^16.9.0"
      }
    },
    "@types/node": {
      "version": "16.9.0",
      "resolved": "https://registry.npmjs.org/@types/node/-/node-16.9.0.tgz",
      "integrity": "sha512-nmP+VR4oT0pJUPFbKE4SXj3Yb4Q/kz3M9dSAO1GGMebRKWHQxLfDNmU/yh3xxCJha3N60nQ/JwXWwOE/ZSEVag=="
    }
  }
}
